
Microsoft Visual Studio Solution File, Format Version 12.00
# Visual Studio 2013
VisualStudioVersion = 12.0.31101.0
MinimumVisualStudioVersion = 10.0.40219.1
Project("{FAE04EC0-301F-11D3-BF4B-00C04F79EFBC}") = "CarSharer", "CarSharer\CarSharer.csproj", "{384B6D0D-DA06-4EA5-A54C-A6E20A8DF890}"
EndProject
Global
	GlobalSection(SolutionConfigurationPlatforms) = preSolution
		Debug|Any CPU = Debug|Any CPU
		Release|Any CPU = Release|Any CPU
	EndGlobalSection
	GlobalSection(ProjectConfigurationPlatforms) = postSolution
		{384B6D0D-DA06-4EA5-A54C-A6E20A8DF890}.Debug|Any CPU.ActiveCfg = Debug|Any CPU
		{384B6D0D-DA06-4EA5-A54C-A6E20A8DF890}.Debug|Any CPU.Build.0 = Debug|Any CPU
		{384B6D0D-DA06-4EA5-A54C-A6E20A8DF890}.Release|Any CPU.ActiveCfg = Release|Any CPU
		{384B6D0D-DA06-4EA5-A54C-A6E20A8DF890}.Release|Any CPU.Build.0 = Release|Any CPU
	EndGlobalSection
	GlobalSection(SolutionProperties) = preSolution
		HideSolutionNode = FALSE
	EndGlobalSection
	GlobalSection(ExtensibilityGlobals) = postSolution
		SolutionGuid = {06B03122-FA00-4BE9-A66B-63BEDA683C02}
	EndGlobalSection
EndGlobal
